{
  "name": "auromono",
  "version": "1.0.0",
  "lockfileVersion": 3,
  "requires": true,
  "packages": {
    "": {
      "name": "auromono",
      "version": "1.0.0",
      "workspaces": [
        "packages/*"
      ],
      "devDependencies": {
        "bun": "latest",
        "bun-types": "latest"
      }
    },
    "node_modules/@lit-labs/ssr-dom-shim": {
      "version": "1.2.1",
      "resolved": "https://registry.npmjs.org/@lit-labs/ssr-dom-shim/-/ssr-dom-shim-1.2.1.tgz",
      "integrity": "sha512-wx4aBmgeGvFmOKucFKY+8VFJSYZxs9poN3SDNQFF6lT6NrQUnHiPB2PWz2sc4ieEcAaYYzN+1uWahEeTq2aRIQ==",
      "license": "BSD-3-Clause"
    },
    "node_modules/@lit/reactive-element": {
      "version": "2.0.4",
      "resolved": "https://registry.npmjs.org/@lit/reactive-element/-/reactive-element-2.0.4.tgz",
      "integrity": "sha512-GFn91inaUa2oHLak8awSIigYz0cU0Payr1rcFsrkf5OJ5eSPxElyZfKh0f2p9FsTiZWXQdWGJeXZICEfXXYSXQ==",
      "license": "BSD-3-Clause",
      "dependencies": {
        "@lit-labs/ssr-dom-shim": "^1.2.0"
      }
    },
    "node_modules/@oven/bun-darwin-aarch64": {
      "version": "1.1.30",
      "resolved": "https://registry.npmjs.org/@oven/bun-darwin-aarch64/-/bun-darwin-aarch64-1.1.30.tgz",
      "integrity": "sha512-D07QioP+QXlouvIqQIS+7r2zq4lTNd6he79rhKsRQRZGFf9i3NPu87zspUpCaFEu//DZ35DYTt+5anQpAzpoxA==",
      "cpu": [
        "arm64"
      ],
      "dev": true,
      "license": "MIT",
      "optional": true,
      "os": [
        "darwin"
      ]
    },
    "node_modules/@oven/bun-darwin-x64": {
      "version": "1.1.30",
      "resolved": "https://registry.npmjs.org/@oven/bun-darwin-x64/-/bun-darwin-x64-1.1.30.tgz",
      "integrity": "sha512-xZ4gTehS6QwN6bsJfDycCNneKoUMaFUQhQg24bJzXS4JPDxeKg1W7PS5AE+U9apz5Dx6//+D4RwVpAPG2LXt0w==",
      "cpu": [
        "x64"
      ],
      "dev": true,
      "license": "MIT",
      "optional": true,
      "os": [
        "darwin"
      ]
    },
    "node_modules/@oven/bun-darwin-x64-baseline": {
      "version": "1.1.30",
      "resolved": "https://registry.npmjs.org/@oven/bun-darwin-x64-baseline/-/bun-darwin-x64-baseline-1.1.30.tgz",
      "integrity": "sha512-1kFUCxHx7WuEbLDmqm0m2UKBd3S4Ln6qKQ4gxU4umMLFkmvDJn6PszDruFInxGKFLoTAmbXNYNVWkkG/ekt/Lg==",
      "cpu": [
        "x64"
      ],
      "dev": true,
      "license": "MIT",
      "optional": true,
      "os": [
        "darwin"
      ]
    },
    "node_modules/@oven/bun-linux-aarch64": {
      "version": "1.1.30",
      "resolved": "https://registry.npmjs.org/@oven/bun-linux-aarch64/-/bun-linux-aarch64-1.1.30.tgz",
      "integrity": "sha512-SfHHLlph6fptDXyyChcUkeDbEZr2ww1p2BucV6OrvzwTOPi8pVmXA4360YT8ggR/3AHPp4GO36VaD+FU2Ocbxw==",
      "cpu": [
        "arm64"
      ],
      "dev": true,
      "license": "MIT",
      "optional": true,
      "os": [
        "linux"
      ]
    },
    "node_modules/@oven/bun-linux-x64": {
      "version": "1.1.30",
      "resolved": "https://registry.npmjs.org/@oven/bun-linux-x64/-/bun-linux-x64-1.1.30.tgz",
      "integrity": "sha512-1mC39jQSaECytEKAZdCZmv3ZreMsp7aoxnBwmJtVd2Z7urnw17PKi4dKkZd/R+AubsNYtXtW4jeM8SEa5sUJRw==",
      "cpu": [
        "x64"
      ],
      "dev": true,
      "license": "MIT",
      "optional": true,
      "os": [
        "linux"
      ]
    },
    "node_modules/@oven/bun-linux-x64-baseline": {
      "version": "1.1.30",
      "resolved": "https://registry.npmjs.org/@oven/bun-linux-x64-baseline/-/bun-linux-x64-baseline-1.1.30.tgz",
      "integrity": "sha512-/b/VuNOaAYmsVk9MvfwKcCYARJPUg78hebxNyD5DSajAf3dqtUSnf7QYcq/3mxWH++N+gM7uRTrGksGS63+ZUw==",
      "cpu": [
        "x64"
      ],
      "dev": true,
      "license": "MIT",
      "optional": true,
      "os": [
        "linux"
      ]
    },
    "node_modules/@oven/bun-windows-x64": {
      "version": "1.1.30",
      "resolved": "https://registry.npmjs.org/@oven/bun-windows-x64/-/bun-windows-x64-1.1.30.tgz",
      "integrity": "sha512-mdRjNtD9NIA8CiH6N1zrIVE6oAtDko/c29H1s00UA+5O/WhXhg95G8IyInD8hN3vAEz8H2lGBgLG2EGfSFxnGg==",
      "cpu": [
        "x64"
      ],
      "dev": true,
      "license": "MIT",
      "optional": true,
      "os": [
        "win32"
      ]
    },
    "node_modules/@oven/bun-windows-x64-baseline": {
      "version": "1.1.30",
      "resolved": "https://registry.npmjs.org/@oven/bun-windows-x64-baseline/-/bun-windows-x64-baseline-1.1.30.tgz",
      "integrity": "sha512-ERQ4/ogzbFvHjpyHcnruc8bnryvDvUoiWi6vczfQ4M/idJc+Kg5VSEJiF5k7946rIZGamG6QWgRxtpIglD4/Zw==",
      "cpu": [
        "x64"
      ],
      "dev": true,
      "license": "MIT",
      "optional": true,
      "os": [
        "win32"
      ]
    },
    "node_modules/@types/node": {
      "version": "20.12.14",
      "resolved": "https://registry.npmjs.org/@types/node/-/node-20.12.14.tgz",
      "integrity": "sha512-scnD59RpYD91xngrQQLGkE+6UrHUPzeKZWhhjBSa3HSkwjbQc38+q3RoIVEwxQGRw3M+j5hpNAM+lgV3cVormg==",
      "dev": true,
      "license": "MIT",
      "dependencies": {
        "undici-types": "~5.26.4"
      }
    },
    "node_modules/@types/trusted-types": {
      "version": "2.0.7",
      "resolved": "https://registry.npmjs.org/@types/trusted-types/-/trusted-types-2.0.7.tgz",
      "integrity": "sha512-ScaPdn1dQczgbl0QFTeTOmVHFULt394XJgOQNoyVhZ6r2vLnMLJfBPd53SB52T/3G36VI1/g2MZaX0cwDuXsfw==",
      "license": "MIT"
    },
    "node_modules/@types/ws": {
      "version": "8.5.12",
      "resolved": "https://registry.npmjs.org/@types/ws/-/ws-8.5.12.tgz",
      "integrity": "sha512-3tPRkv1EtkDpzlgyKyI8pGsGZAGPEaXeu0DOj5DI25Ja91bdAYddYHbADRYVrZMRbfW+1l5YwXVDKohDJNQxkQ==",
      "dev": true,
      "license": "MIT",
      "dependencies": {
        "@types/node": "*"
      }
    },
    "node_modules/auro-button": {
      "resolved": "packages/auro-button",
      "link": true
    },
    "node_modules/auro-input": {
      "resolved": "packages/auro-input",
      "link": true
    },
    "node_modules/bun": {
      "version": "1.1.30",
      "resolved": "https://registry.npmjs.org/bun/-/bun-1.1.30.tgz",
      "integrity": "sha512-ysRL1pq10Xba0jqVLPrKU3YIv0ohfp3cTajCPtpjCyppbn3lfiAVNpGoHfyaxS17OlPmWmR67UZRPw/EueQuug==",
      "cpu": [
        "arm64",
        "x64"
      ],
      "dev": true,
      "hasInstallScript": true,
      "license": "MIT",
      "os": [
        "darwin",
        "linux",
        "win32"
      ],
      "bin": {
        "bun": "bin/bun.exe",
        "bunx": "bin/bun.exe"
      },
      "optionalDependencies": {
        "@oven/bun-darwin-aarch64": "1.1.30",
        "@oven/bun-darwin-x64": "1.1.30",
        "@oven/bun-darwin-x64-baseline": "1.1.30",
        "@oven/bun-linux-aarch64": "1.1.30",
        "@oven/bun-linux-x64": "1.1.30",
        "@oven/bun-linux-x64-baseline": "1.1.30",
        "@oven/bun-windows-x64": "1.1.30",
        "@oven/bun-windows-x64-baseline": "1.1.30"
      }
    },
    "node_modules/bun-types": {
      "version": "1.1.30",
      "resolved": "https://registry.npmjs.org/bun-types/-/bun-types-1.1.30.tgz",
      "integrity": "sha512-mGh7NLisOXskBU62DxLS+/nwmLlCYHYAkCzdo4DZ9+fzrpP41hAdOqaN4DO6tQfenHb4pYb0/shw29k4/6I2yQ==",
      "dev": true,
      "license": "MIT",
      "dependencies": {
        "@types/node": "~20.12.8",
        "@types/ws": "~8.5.10"
      }
    },
    "node_modules/lit": {
      "version": "3.2.1",
      "resolved": "https://registry.npmjs.org/lit/-/lit-3.2.1.tgz",
      "integrity": "sha512-1BBa1E/z0O9ye5fZprPtdqnc0BFzxIxTTOO/tQFmyC/hj1O3jL4TfmLBw0WEwjAokdLwpclkvGgDJwTIh0/22w==",
      "license": "BSD-3-Clause",
      "dependencies": {
        "@lit/reactive-element": "^2.0.4",
        "lit-element": "^4.1.0",
        "lit-html": "^3.2.0"
      }
    },
    "node_modules/lit-element": {
      "version": "4.1.1",
      "resolved": "https://registry.npmjs.org/lit-element/-/lit-element-4.1.1.tgz",
      "integrity": "sha512-HO9Tkkh34QkTeUmEdNYhMT8hzLid7YlMlATSi1q4q17HE5d9mrrEHJ/o8O2D0cMi182zK1F3v7x0PWFjrhXFew==",
      "license": "BSD-3-Clause",
      "dependencies": {
        "@lit-labs/ssr-dom-shim": "^1.2.0",
        "@lit/reactive-element": "^2.0.4",
        "lit-html": "^3.2.0"
      }
    },
    "node_modules/lit-html": {
      "version": "3.2.1",
      "resolved": "https://registry.npmjs.org/lit-html/-/lit-html-3.2.1.tgz",
      "integrity": "sha512-qI/3lziaPMSKsrwlxH/xMgikhQ0EGOX2ICU73Bi/YHFvz2j/yMCIrw4+puF2IpQ4+upd3EWbvnHM9+PnJn48YA==",
      "license": "BSD-3-Clause",
      "dependencies": {
        "@types/trusted-types": "^2.0.2"
      }
    },
    "node_modules/undici-types": {
      "version": "5.26.5",
      "resolved": "https://registry.npmjs.org/undici-types/-/undici-types-5.26.5.tgz",
      "integrity": "sha512-JlCMO+ehdEIKqlFxk6IfVoAUVmgz7cU7zD/h9XZ0qzeosSHmUJVOzSQvvYSYWXkFXC+IfLKSIffhv0sVZup6pA==",
      "dev": true,
      "license": "MIT"
    },
    "packages/auro-button": {
      "version": "1.0.0",
      "license": "ISC",
      "dependencies": {
        "lit": "^3.2.1"
      }
    },
    "packages/auro-input": {
      "version": "1.0.0",
      "license": "ISC",
      "dependencies": {
        "lit": "^3.2.1"
      }
    }
  }
}
